uuid: 2fc949f0-12ec-40b0-a2d7-4a4742957f2a
langcode: en
status: true
dependencies:
  module:
    - drupal_itm_demos
  theme:
    - demo_theme
id: demo_theme_subscribeblock
theme: demo_theme
region: sidebar_first
weight: 0
provider: null
plugin: subscribe_block
settings:
  id: subscribe_block
  label: 'Subscribe block'
  provider: drupal_itm_demos
  label_display: '0'
visibility: {  }
